
Microsoft Visual Studio Solution File, Format Version 12.00
# Visual Studio Version 17
VisualStudioVersion = 17.3.32929.385
MinimumVisualStudioVersion = 10.0.40219.1
Project("{FAE04EC0-301F-11D3-BF4B-00C04F79EFBC}") = "RoundA", "RoundA\RoundA.csproj", "{A7DF4162-EBF3-4DEA-AA24-9E5F96FA57DE}"
EndProject
Project("{FAE04EC0-301F-11D3-BF4B-00C04F79EFBC}") = "RoundA.Tests", "RoundA.Tests\RoundA.Tests.csproj", "{C7A4D4B6-A711-4E82-A2C0-DCF60C31E0D3}"
EndProject
Global
	GlobalSection(SolutionConfigurationPlatforms) = preSolution
		Debug|Any CPU = Debug|Any CPU
		Release|Any CPU = Release|Any CPU
	EndGlobalSection
	GlobalSection(ProjectConfigurationPlatforms) = postSolution
		{A7DF4162-EBF3-4DEA-AA24-9E5F96FA57DE}.Debug|Any CPU.ActiveCfg = Debug|Any CPU
		{A7DF4162-EBF3-4DEA-AA24-9E5F96FA57DE}.Debug|Any CPU.Build.0 = Debug|Any CPU
		{A7DF4162-EBF3-4DEA-AA24-9E5F96FA57DE}.Release|Any CPU.ActiveCfg = Release|Any CPU
		{A7DF4162-EBF3-4DEA-AA24-9E5F96FA57DE}.Release|Any CPU.Build.0 = Release|Any CPU
		{C7A4D4B6-A711-4E82-A2C0-DCF60C31E0D3}.Debug|Any CPU.ActiveCfg = Debug|Any CPU
		{C7A4D4B6-A711-4E82-A2C0-DCF60C31E0D3}.Debug|Any CPU.Build.0 = Debug|Any CPU
		{C7A4D4B6-A711-4E82-A2C0-DCF60C31E0D3}.Release|Any CPU.ActiveCfg = Release|Any CPU
		{C7A4D4B6-A711-4E82-A2C0-DCF60C31E0D3}.Release|Any CPU.Build.0 = Release|Any CPU
	EndGlobalSection
	GlobalSection(SolutionProperties) = preSolution
		HideSolutionNode = FALSE
	EndGlobalSection
	GlobalSection(ExtensibilityGlobals) = postSolution
		SolutionGuid = {713D095F-6A35-4C32-9DCC-7A3782BEB90B}
	EndGlobalSection
EndGlobal
