
Microsoft Visual Studio Solution File, Format Version 12.00
# Visual Studio Version 16
VisualStudioVersion = 16.0.29709.97
MinimumVisualStudioVersion = 10.0.40219.1
Project("{FAE04EC0-301F-11D3-BF4B-00C04F79EFBC}") = "PracticeRound", "PracticeRound\PracticeRound.csproj", "{CF906378-420A-43A0-9129-3437075B75DE}"
EndProject
Global
	GlobalSection(SolutionConfigurationPlatforms) = preSolution
		Debug|Any CPU = Debug|Any CPU
		Release|Any CPU = Release|Any CPU
	EndGlobalSection
	GlobalSection(ProjectConfigurationPlatforms) = postSolution
		{CF906378-420A-43A0-9129-3437075B75DE}.Debug|Any CPU.ActiveCfg = Debug|Any CPU
		{CF906378-420A-43A0-9129-3437075B75DE}.Debug|Any CPU.Build.0 = Debug|Any CPU
		{CF906378-420A-43A0-9129-3437075B75DE}.Release|Any CPU.ActiveCfg = Release|Any CPU
		{CF906378-420A-43A0-9129-3437075B75DE}.Release|Any CPU.Build.0 = Release|Any CPU
	EndGlobalSection
	GlobalSection(SolutionProperties) = preSolution
		HideSolutionNode = FALSE
	EndGlobalSection
	GlobalSection(ExtensibilityGlobals) = postSolution
		SolutionGuid = {A55E1620-C9CC-4B1D-9467-C2BD6DA9E189}
	EndGlobalSection
EndGlobal
